
Microsoft Visual Studio Solution File, Format Version 12.00
# Visual Studio 14
VisualStudioVersion = 14.0.25420.1
MinimumVisualStudioVersion = 10.0.40219.1
Project("{FAE04EC0-301F-11D3-BF4B-00C04F79EFBC}") = "FileComparer", "FileComparer\FileComparer.csproj", "{D14E7DAE-732C-4D8B-BC73-4546233220AE}"
EndProject
Project("{FAE04EC0-301F-11D3-BF4B-00C04F79EFBC}") = "FileComparer.Test", "FileComparer.Test\FileComparer.Test.csproj", "{DBF92439-1E94-4608-9422-0D544F8FB86E}"
EndProject
Project("{FAE04EC0-301F-11D3-BF4B-00C04F79EFBC}") = "FileComparer.Md5", "FileComparer.Md5\FileComparer.Md5.csproj", "{0AF4FE25-2841-4E10-9BD7-12FA6B86F606}"
EndProject
Project("{FAE04EC0-301F-11D3-BF4B-00C04F79EFBC}") = "FileComparer.Sha256", "FileComparer.Sha256\FileComparer.Sha256.csproj", "{7A57AFB1-527F-4B45-ACBC-1708B2EC2E45}"
EndProject
Global
	GlobalSection(SolutionConfigurationPlatforms) = preSolution
		Debug|Any CPU = Debug|Any CPU
		Release|Any CPU = Release|Any CPU
	EndGlobalSection
	GlobalSection(ProjectConfigurationPlatforms) = postSolution
		{D14E7DAE-732C-4D8B-BC73-4546233220AE}.Debug|Any CPU.ActiveCfg = Debug|Any CPU
		{D14E7DAE-732C-4D8B-BC73-4546233220AE}.Debug|Any CPU.Build.0 = Debug|Any CPU
		{D14E7DAE-732C-4D8B-BC73-4546233220AE}.Release|Any CPU.ActiveCfg = Release|Any CPU
		{D14E7DAE-732C-4D8B-BC73-4546233220AE}.Release|Any CPU.Build.0 = Release|Any CPU
		{DBF92439-1E94-4608-9422-0D544F8FB86E}.Debug|Any CPU.ActiveCfg = Debug|Any CPU
		{DBF92439-1E94-4608-9422-0D544F8FB86E}.Debug|Any CPU.Build.0 = Debug|Any CPU
		{DBF92439-1E94-4608-9422-0D544F8FB86E}.Release|Any CPU.ActiveCfg = Release|Any CPU
		{DBF92439-1E94-4608-9422-0D544F8FB86E}.Release|Any CPU.Build.0 = Release|Any CPU
		{0AF4FE25-2841-4E10-9BD7-12FA6B86F606}.Debug|Any CPU.ActiveCfg = Debug|Any CPU
		{0AF4FE25-2841-4E10-9BD7-12FA6B86F606}.Debug|Any CPU.Build.0 = Debug|Any CPU
		{0AF4FE25-2841-4E10-9BD7-12FA6B86F606}.Release|Any CPU.ActiveCfg = Release|Any CPU
		{0AF4FE25-2841-4E10-9BD7-12FA6B86F606}.Release|Any CPU.Build.0 = Release|Any CPU
		{7A57AFB1-527F-4B45-ACBC-1708B2EC2E45}.Debug|Any CPU.ActiveCfg = Debug|Any CPU
		{7A57AFB1-527F-4B45-ACBC-1708B2EC2E45}.Debug|Any CPU.Build.0 = Debug|Any CPU
		{7A57AFB1-527F-4B45-ACBC-1708B2EC2E45}.Release|Any CPU.ActiveCfg = Release|Any CPU
		{7A57AFB1-527F-4B45-ACBC-1708B2EC2E45}.Release|Any CPU.Build.0 = Release|Any CPU
	EndGlobalSection
	GlobalSection(SolutionProperties) = preSolution
		HideSolutionNode = FALSE
	EndGlobalSection
EndGlobal
